{
  "originHash" : "54d83d4d31dd20d0b23fc87e052b6baab19a3fd9417d20da1012a0038d2ec57f",
  "pins" : [
    {
      "identity" : "swiftterm",
      "kind" : "remoteSourceControl",
      "location" : "https://github.com/davbeck/SwiftTerm.git",
      "state" : {
        "revision" : "8379709f939efecd8cb599467b92c20305fa3a04"
      }
    }
  ],
  "version" : 3
}
