{
  "originHash" : "ca57efa454aba451f0ec74508628f61a06de4f54d279c5ce702a962eb9177e22",
  "pins" : [
    {
      "identity" : "swiftterm",
      "kind" : "remoteSourceControl",
      "location" : "https://github.com/davbeck/SwiftTerm.git",
      "state" : {
        "revision" : "8379709f939efecd8cb599467b92c20305fa3a04"
      }
    }
  ],
  "version" : 3
}
